
Microsoft Visual Studio Solution File, Format Version 12.00
# Visual Studio 15
VisualStudioVersion = 15.0.28307.1972
MinimumVisualStudioVersion = 10.0.40219.1
Project("{FAE04EC0-301F-11D3-BF4B-00C04F79EFBC}") = "Lab__3", "Lab__3\Lab__3.csproj", "{C1056A9B-D54D-414B-83ED-F4F89237FA2C}"
EndProject
Global
	GlobalSection(SolutionConfigurationPlatforms) = preSolution
		Debug|Any CPU = Debug|Any CPU
		Release|Any CPU = Release|Any CPU
	EndGlobalSection
	GlobalSection(ProjectConfigurationPlatforms) = postSolution
		{C1056A9B-D54D-414B-83ED-F4F89237FA2C}.Debug|Any CPU.ActiveCfg = Debug|Any CPU
		{C1056A9B-D54D-414B-83ED-F4F89237FA2C}.Debug|Any CPU.Build.0 = Debug|Any CPU
		{C1056A9B-D54D-414B-83ED-F4F89237FA2C}.Release|Any CPU.ActiveCfg = Release|Any CPU
		{C1056A9B-D54D-414B-83ED-F4F89237FA2C}.Release|Any CPU.Build.0 = Release|Any CPU
	EndGlobalSection
	GlobalSection(SolutionProperties) = preSolution
		HideSolutionNode = FALSE
	EndGlobalSection
	GlobalSection(ExtensibilityGlobals) = postSolution
		SolutionGuid = {D96220A2-C45F-43F7-85D9-950297763616}
	EndGlobalSection
EndGlobal
