
Microsoft Visual Studio Solution File, Format Version 12.00
# Visual Studio Version 17
VisualStudioVersion = 17.0.31903.59
MinimumVisualStudioVersion = 10.0.40219.1
Project("{FAE04EC0-301F-11D3-BF4B-00C04F79EFBC}") = "Restaurant.App", "Restaurant.App\Restaurant.App.csproj", "{003BE44D-CAD9-47C2-9314-DDC4BBAC9E0D}"
EndProject
Global
	GlobalSection(SolutionConfigurationPlatforms) = preSolution
		Debug|Any CPU = Debug|Any CPU
		Release|Any CPU = Release|Any CPU
	EndGlobalSection
	GlobalSection(ProjectConfigurationPlatforms) = postSolution
		{003BE44D-CAD9-47C2-9314-DDC4BBAC9E0D}.Debug|Any CPU.ActiveCfg = Debug|Any CPU
		{003BE44D-CAD9-47C2-9314-DDC4BBAC9E0D}.Debug|Any CPU.Build.0 = Debug|Any CPU
		{003BE44D-CAD9-47C2-9314-DDC4BBAC9E0D}.Release|Any CPU.ActiveCfg = Release|Any CPU
		{003BE44D-CAD9-47C2-9314-DDC4BBAC9E0D}.Release|Any CPU.Build.0 = Release|Any CPU
	EndGlobalSection
	GlobalSection(SolutionProperties) = preSolution
		HideSolutionNode = FALSE
	EndGlobalSection
	GlobalSection(ExtensibilityGlobals) = postSolution
		SolutionGuid = {01E7DF6B-6221-4A2F-9F4B-A612E896E24A}
	EndGlobalSection
EndGlobal
